
Microsoft Visual Studio Solution File, Format Version 12.00
# Visual Studio Version 16
VisualStudioVersion = 16.0.31729.503
MinimumVisualStudioVersion = 10.0.40219.1
Project("{FAE04EC0-301F-11D3-BF4B-00C04F79EFBC}") = "PrismPluginPopups", "PrismPluginPopups\PrismPluginPopups\PrismPluginPopups.csproj", "{8FEB388F-1E80-4E11-AE62-AC06FDA3889C}"
EndProject
Project("{FAE04EC0-301F-11D3-BF4B-00C04F79EFBC}") = "PrismPluginPopups.Android", "PrismPluginPopups\PrismPluginPopups.Android\PrismPluginPopups.Android.csproj", "{BFCECE42-BAB5-4525-BF77-A9BCDAC2D65A}"
EndProject
Project("{FAE04EC0-301F-11D3-BF4B-00C04F79EFBC}") = "PrismPluginPopups.iOS", "PrismPluginPopups\PrismPluginPopups.iOS\PrismPluginPopups.iOS.csproj", "{304937F0-522C-40CB-B2EB-89BD125276CD}"
EndProject
Project("{FAE04EC0-301F-11D3-BF4B-00C04F79EFBC}") = "PrismPluginPopups.UWP", "PrismPluginPopups\PrismPluginPopups.UWP\PrismPluginPopups.UWP.csproj", "{DC3FB08E-7EDE-41FF-B5E9-378D5A4B7045}"
EndProject
Global
	GlobalSection(SolutionConfigurationPlatforms) = preSolution
		Ad-Hoc|Any CPU = Ad-Hoc|Any CPU
		Ad-Hoc|ARM = Ad-Hoc|ARM
		Ad-Hoc|iPhone = Ad-Hoc|iPhone
		Ad-Hoc|iPhoneSimulator = Ad-Hoc|iPhoneSimulator
		Ad-Hoc|x64 = Ad-Hoc|x64
		Ad-Hoc|x86 = Ad-Hoc|x86
		AppStore|Any CPU = AppStore|Any CPU
		AppStore|ARM = AppStore|ARM
		AppStore|iPhone = AppStore|iPhone
		AppStore|iPhoneSimulator = AppStore|iPhoneSimulator
		AppStore|x64 = AppStore|x64
		AppStore|x86 = AppStore|x86
		Debug|Any CPU = Debug|Any CPU
		Debug|ARM = Debug|ARM
		Debug|iPhone = Debug|iPhone
		Debug|iPhoneSimulator = Debug|iPhoneSimulator
		Debug|x64 = Debug|x64
		Debug|x86 = Debug|x86
		Release|Any CPU = Release|Any CPU
		Release|ARM = Release|ARM
		Release|iPhone = Release|iPhone
		Release|iPhoneSimulator = Release|iPhoneSimulator
		Release|x64 = Release|x64
		Release|x86 = Release|x86
	EndGlobalSection
	GlobalSection(ProjectConfigurationPlatforms) = postSolution
		{8FEB388F-1E80-4E11-AE62-AC06FDA3889C}.Ad-Hoc|Any CPU.ActiveCfg = Debug|Any CPU
		{8FEB388F-1E80-4E11-AE62-AC06FDA3889C}.Ad-Hoc|Any CPU.Build.0 = Debug|Any CPU
		{8FEB388F-1E80-4E11-AE62-AC06FDA3889C}.Ad-Hoc|ARM.ActiveCfg = Debug|Any CPU
		{8FEB388F-1E80-4E11-AE62-AC06FDA3889C}.Ad-Hoc|ARM.Build.0 = Debug|Any CPU
		{8FEB388F-1E80-4E11-AE62-AC06FDA3889C}.Ad-Hoc|iPhone.ActiveCfg = Debug|Any CPU
		{8FEB388F-1E80-4E11-AE62-AC06FDA3889C}.Ad-Hoc|iPhone.Build.0 = Debug|Any CPU
		{8FEB388F-1E80-4E11-AE62-AC06FDA3889C}.Ad-Hoc|iPhoneSimulator.ActiveCfg = Debug|Any CPU
		{8FEB388F-1E80-4E11-AE62-AC06FDA3889C}.Ad-Hoc|iPhoneSimulator.Build.0 = Debug|Any CPU
		{8FEB388F-1E80-4E11-AE62-AC06FDA3889C}.Ad-Hoc|x64.ActiveCfg = Debug|Any CPU
		{8FEB388F-1E80-4E11-AE62-AC06FDA3889C}.Ad-Hoc|x64.Build.0 = Debug|Any CPU
		{8FEB388F-1E80-4E11-AE62-AC06FDA3889C}.Ad-Hoc|x86.ActiveCfg = Debug|Any CPU
		{8FEB388F-1E80-4E11-AE62-AC06FDA3889C}.Ad-Hoc|x86.Build.0 = Debug|Any CPU
		{8FEB388F-1E80-4E11-AE62-AC06FDA3889C}.AppStore|Any CPU.ActiveCfg = Debug|Any CPU
		{8FEB388F-1E80-4E11-AE62-AC06FDA3889C}.AppStore|Any CPU.Build.0 = Debug|Any CPU
		{8FEB388F-1E80-4E11-AE62-AC06FDA3889C}.AppStore|ARM.ActiveCfg = Debug|Any CPU
		{8FEB388F-1E80-4E11-AE62-AC06FDA3889C}.AppStore|ARM.Build.0 = Debug|Any CPU
		{8FEB388F-1E80-4E11-AE62-AC06FDA3889C}.AppStore|iPhone.ActiveCfg = Debug|Any CPU
		{8FEB388F-1E80-4E11-AE62-AC06FDA3889C}.AppStore|iPhone.Build.0 = Debug|Any CPU
		{8FEB388F-1E80-4E11-AE62-AC06FDA3889C}.AppStore|iPhoneSimulator.ActiveCfg = Debug|Any CPU
		{8FEB388F-1E80-4E11-AE62-AC06FDA3889C}.AppStore|iPhoneSimulator.Build.0 = Debug|Any CPU
		{8FEB388F-1E80-4E11-AE62-AC06FDA3889C}.AppStore|x64.ActiveCfg = Debug|Any CPU
		{8FEB388F-1E80-4E11-AE62-AC06FDA3889C}.AppStore|x64.Build.0 = Debug|Any CPU
		{8FEB388F-1E80-4E11-AE62-AC06FDA3889C}.AppStore|x86.ActiveCfg = Debug|Any CPU
		{8FEB388F-1E80-4E11-AE62-AC06FDA3889C}.AppStore|x86.Build.0 = Debug|Any CPU
		{8FEB388F-1E80-4E11-AE62-AC06FDA3889C}.Debug|Any CPU.ActiveCfg = Debug|Any CPU
		{8FEB388F-1E80-4E11-AE62-AC06FDA3889C}.Debug|Any CPU.Build.0 = Debug|Any CPU
		{8FEB388F-1E80-4E11-AE62-AC06FDA3889C}.Debug|ARM.ActiveCfg = Debug|Any CPU
		{8FEB388F-1E80-4E11-AE62-AC06FDA3889C}.Debug|ARM.Build.0 = Debug|Any CPU
		{8FEB388F-1E80-4E11-AE62-AC06FDA3889C}.Debug|iPhone.ActiveCfg = Debug|Any CPU
		{8FEB388F-1E80-4E11-AE62-AC06FDA3889C}.Debug|iPhone.Build.0 = Debug|Any CPU
		{8FEB388F-1E80-4E11-AE62-AC06FDA3889C}.Debug|iPhoneSimulator.ActiveCfg = Debug|Any CPU
		{8FEB388F-1E80-4E11-AE62-AC06FDA3889C}.Debug|iPhoneSimulator.Build.0 = Debug|Any CPU
		{8FEB388F-1E80-4E11-AE62-AC06FDA3889C}.Debug|x64.ActiveCfg = Debug|Any CPU
		{8FEB388F-1E80-4E11-AE62-AC06FDA3889C}.Debug|x64.Build.0 = Debug|Any CPU
		{8FEB388F-1E80-4E11-AE62-AC06FDA3889C}.Debug|x86.ActiveCfg = Debug|Any CPU
		{8FEB388F-1E80-4E11-AE62-AC06FDA3889C}.Debug|x86.Build.0 = Debug|Any CPU
		{8FEB388F-1E80-4E11-AE62-AC06FDA3889C}.Release|Any CPU.ActiveCfg = Release|Any CPU
		{8FEB388F-1E80-4E11-AE62-AC06FDA3889C}.Release|Any CPU.Build.0 = Release|Any CPU
		{8FEB388F-1E80-4E11-AE62-AC06FDA3889C}.Release|ARM.ActiveCfg = Release|Any CPU
		{8FEB388F-1E80-4E11-AE62-AC06FDA3889C}.Release|ARM.Build.0 = Release|Any CPU
		{8FEB388F-1E80-4E11-AE62-AC06FDA3889C}.Release|iPhone.ActiveCfg = Release|Any CPU
		{8FEB388F-1E80-4E11-AE62-AC06FDA3889C}.Release|iPhone.Build.0 = Release|Any CPU
		{8FEB388F-1E80-4E11-AE62-AC06FDA3889C}.Release|iPhoneSimulator.ActiveCfg = Release|Any CPU
		{8FEB388F-1E80-4E11-AE62-AC06FDA3889C}.Release|iPhoneSimulator.Build.0 = Release|Any CPU
		{8FEB388F-1E80-4E11-AE62-AC06FDA3889C}.Release|x64.ActiveCfg = Release|Any CPU
		{8FEB388F-1E80-4E11-AE62-AC06FDA3889C}.Release|x64.Build.0 = Release|Any CPU
		{8FEB388F-1E80-4E11-AE62-AC06FDA3889C}.Release|x86.ActiveCfg = Release|Any CPU
		{8FEB388F-1E80-4E11-AE62-AC06FDA3889C}.Release|x86.Build.0 = Release|Any CPU
		{BFCECE42-BAB5-4525-BF77-A9BCDAC2D65A}.Ad-Hoc|Any CPU.ActiveCfg = Debug|Any CPU
		{BFCECE42-BAB5-4525-BF77-A9BCDAC2D65A}.Ad-Hoc|Any CPU.Build.0 = Debug|Any CPU
		{BFCECE42-BAB5-4525-BF77-A9BCDAC2D65A}.Ad-Hoc|Any CPU.Deploy.0 = Debug|Any CPU
		{BFCECE42-BAB5-4525-BF77-A9BCDAC2D65A}.Ad-Hoc|ARM.ActiveCfg = Debug|Any CPU
		{BFCECE42-BAB5-4525-BF77-A9BCDAC2D65A}.Ad-Hoc|ARM.Build.0 = Debug|Any CPU
		{BFCECE42-BAB5-4525-BF77-A9BCDAC2D65A}.Ad-Hoc|ARM.Deploy.0 = Debug|Any CPU
		{BFCECE42-BAB5-4525-BF77-A9BCDAC2D65A}.Ad-Hoc|iPhone.ActiveCfg = Debug|Any CPU
		{BFCECE42-BAB5-4525-BF77-A9BCDAC2D65A}.Ad-Hoc|iPhone.Build.0 = Debug|Any CPU
		{BFCECE42-BAB5-4525-BF77-A9BCDAC2D65A}.Ad-Hoc|iPhone.Deploy.0 = Debug|Any CPU
		{BFCECE42-BAB5-4525-BF77-A9BCDAC2D65A}.Ad-Hoc|iPhoneSimulator.ActiveCfg = Debug|Any CPU
		{BFCECE42-BAB5-4525-BF77-A9BCDAC2D65A}.Ad-Hoc|iPhoneSimulator.Build.0 = Debug|Any CPU
		{BFCECE42-BAB5-4525-BF77-A9BCDAC2D65A}.Ad-Hoc|iPhoneSimulator.Deploy.0 = Debug|Any CPU
		{BFCECE42-BAB5-4525-BF77-A9BCDAC2D65A}.Ad-Hoc|x64.ActiveCfg = Debug|Any CPU
		{BFCECE42-BAB5-4525-BF77-A9BCDAC2D65A}.Ad-Hoc|x64.Build.0 = Debug|Any CPU
		{BFCECE42-BAB5-4525-BF77-A9BCDAC2D65A}.Ad-Hoc|x64.Deploy.0 = Debug|Any CPU
		{BFCECE42-BAB5-4525-BF77-A9BCDAC2D65A}.Ad-Hoc|x86.ActiveCfg = Debug|Any CPU
		{BFCECE42-BAB5-4525-BF77-A9BCDAC2D65A}.Ad-Hoc|x86.Build.0 = Debug|Any CPU
		{BFCECE42-BAB5-4525-BF77-A9BCDAC2D65A}.Ad-Hoc|x86.Deploy.0 = Debug|Any CPU
		{BFCECE42-BAB5-4525-BF77-A9BCDAC2D65A}.AppStore|Any CPU.ActiveCfg = Debug|Any CPU
		{BFCECE42-BAB5-4525-BF77-A9BCDAC2D65A}.AppStore|Any CPU.Build.0 = Debug|Any CPU
		{BFCECE42-BAB5-4525-BF77-A9BCDAC2D65A}.AppStore|Any CPU.Deploy.0 = Debug|Any CPU
		{BFCECE42-BAB5-4525-BF77-A9BCDAC2D65A}.AppStore|ARM.ActiveCfg = Debug|Any CPU
		{BFCECE42-BAB5-4525-BF77-A9BCDAC2D65A}.AppStore|ARM.Build.0 = Debug|Any CPU
		{BFCECE42-BAB5-4525-BF77-A9BCDAC2D65A}.AppStore|ARM.Deploy.0 = Debug|Any CPU
		{BFCECE42-BAB5-4525-BF77-A9BCDAC2D65A}.AppStore|iPhone.ActiveCfg = Debug|Any CPU
		{BFCECE42-BAB5-4525-BF77-A9BCDAC2D65A}.AppStore|iPhone.Build.0 = Debug|Any CPU
		{BFCECE42-BAB5-4525-BF77-A9BCDAC2D65A}.AppStore|iPhone.Deploy.0 = Debug|Any CPU
		{BFCECE42-BAB5-4525-BF77-A9BCDAC2D65A}.AppStore|iPhoneSimulator.ActiveCfg = Debug|Any CPU
		{BFCECE42-BAB5-4525-BF77-A9BCDAC2D65A}.AppStore|iPhoneSimulator.Build.0 = Debug|Any CPU
		{BFCECE42-BAB5-4525-BF77-A9BCDAC2D65A}.AppStore|iPhoneSimulator.Deploy.0 = Debug|Any CPU
		{BFCECE42-BAB5-4525-BF77-A9BCDAC2D65A}.AppStore|x64.ActiveCfg = Debug|Any CPU
		{BFCECE42-BAB5-4525-BF77-A9BCDAC2D65A}.AppStore|x64.Build.0 = Debug|Any CPU
		{BFCECE42-BAB5-4525-BF77-A9BCDAC2D65A}.AppStore|x64.Deploy.0 = Debug|Any CPU
		{BFCECE42-BAB5-4525-BF77-A9BCDAC2D65A}.AppStore|x86.ActiveCfg = Debug|Any CPU
		{BFCECE42-BAB5-4525-BF77-A9BCDAC2D65A}.AppStore|x86.Build.0 = Debug|Any CPU
		{BFCECE42-BAB5-4525-BF77-A9BCDAC2D65A}.AppStore|x86.Deploy.0 = Debug|Any CPU
		{BFCECE42-BAB5-4525-BF77-A9BCDAC2D65A}.Debug|Any CPU.ActiveCfg = Debug|Any CPU
		{BFCECE42-BAB5-4525-BF77-A9BCDAC2D65A}.Debug|Any CPU.Build.0 = Debug|Any CPU
		{BFCECE42-BAB5-4525-BF77-A9BCDAC2D65A}.Debug|Any CPU.Deploy.0 = Debug|Any CPU
		{BFCECE42-BAB5-4525-BF77-A9BCDAC2D65A}.Debug|ARM.ActiveCfg = Debug|Any CPU
		{BFCECE42-BAB5-4525-BF77-A9BCDAC2D65A}.Debug|ARM.Build.0 = Debug|Any CPU
		{BFCECE42-BAB5-4525-BF77-A9BCDAC2D65A}.Debug|ARM.Deploy.0 = Debug|Any CPU
		{BFCECE42-BAB5-4525-BF77-A9BCDAC2D65A}.Debug|iPhone.ActiveCfg = Debug|Any CPU
		{BFCECE42-BAB5-4525-BF77-A9BCDAC2D65A}.Debug|iPhone.Build.0 = Debug|Any CPU
		{BFCECE42-BAB5-4525-BF77-A9BCDAC2D65A}.Debug|iPhone.Deploy.0 = Debug|Any CPU
		{BFCECE42-BAB5-4525-BF77-A9BCDAC2D65A}.Debug|iPhoneSimulator.ActiveCfg = Debug|Any CPU
		{BFCECE42-BAB5-4525-BF77-A9BCDAC2D65A}.Debug|iPhoneSimulator.Build.0 = Debug|Any CPU
		{BFCECE42-BAB5-4525-BF77-A9BCDAC2D65A}.Debug|iPhoneSimulator.Deploy.0 = Debug|Any CPU
		{BFCECE42-BAB5-4525-BF77-A9BCDAC2D65A}.Debug|x64.ActiveCfg = Debug|Any CPU
		{BFCECE42-BAB5-4525-BF77-A9BCDAC2D65A}.Debug|x64.Build.0 = Debug|Any CPU
		{BFCECE42-BAB5-4525-BF77-A9BCDAC2D65A}.Debug|x64.Deploy.0 = Debug|Any CPU
		{BFCECE42-BAB5-4525-BF77-A9BCDAC2D65A}.Debug|x86.ActiveCfg = Debug|Any CPU
		{BFCECE42-BAB5-4525-BF77-A9BCDAC2D65A}.Debug|x86.Build.0 = Debug|Any CPU
		{BFCECE42-BAB5-4525-BF77-A9BCDAC2D65A}.Debug|x86.Deploy.0 = Debug|Any CPU
		{BFCECE42-BAB5-4525-BF77-A9BCDAC2D65A}.Release|Any CPU.ActiveCfg = Release|Any CPU
		{BFCECE42-BAB5-4525-BF77-A9BCDAC2D65A}.Release|Any CPU.Build.0 = Release|Any CPU
		{BFCECE42-BAB5-4525-BF77-A9BCDAC2D65A}.Release|Any CPU.Deploy.0 = Release|Any CPU
		{BFCECE42-BAB5-4525-BF77-A9BCDAC2D65A}.Release|ARM.ActiveCfg = Release|Any CPU
		{BFCECE42-BAB5-4525-BF77-A9BCDAC2D65A}.Release|ARM.Build.0 = Release|Any CPU
		{BFCECE42-BAB5-4525-BF77-A9BCDAC2D65A}.Release|ARM.Deploy.0 = Release|Any CPU
		{BFCECE42-BAB5-4525-BF77-A9BCDAC2D65A}.Release|iPhone.ActiveCfg = Release|Any CPU
		{BFCECE42-BAB5-4525-BF77-A9BCDAC2D65A}.Release|iPhone.Build.0 = Release|Any CPU
		{BFCECE42-BAB5-4525-BF77-A9BCDAC2D65A}.Release|iPhone.Deploy.0 = Release|Any CPU
		{BFCECE42-BAB5-4525-BF77-A9BCDAC2D65A}.Release|iPhoneSimulator.ActiveCfg = Release|Any CPU
		{BFCECE42-BAB5-4525-BF77-A9BCDAC2D65A}.Release|iPhoneSimulator.Build.0 = Release|Any CPU
		{BFCECE42-BAB5-4525-BF77-A9BCDAC2D65A}.Release|iPhoneSimulator.Deploy.0 = Release|Any CPU
		{BFCECE42-BAB5-4525-BF77-A9BCDAC2D65A}.Release|x64.ActiveCfg = Release|Any CPU
		{BFCECE42-BAB5-4525-BF77-A9BCDAC2D65A}.Release|x64.Build.0 = Release|Any CPU
		{BFCECE42-BAB5-4525-BF77-A9BCDAC2D65A}.Release|x64.Deploy.0 = Release|Any CPU
		{BFCECE42-BAB5-4525-BF77-A9BCDAC2D65A}.Release|x86.ActiveCfg = Release|Any CPU
		{BFCECE42-BAB5-4525-BF77-A9BCDAC2D65A}.Release|x86.Build.0 = Release|Any CPU
		{BFCECE42-BAB5-4525-BF77-A9BCDAC2D65A}.Release|x86.Deploy.0 = Release|Any CPU
		{304937F0-522C-40CB-B2EB-89BD125276CD}.Ad-Hoc|Any CPU.ActiveCfg = Ad-Hoc|iPhoneSimulator
		{304937F0-522C-40CB-B2EB-89BD125276CD}.Ad-Hoc|ARM.ActiveCfg = Ad-Hoc|iPhoneSimulator
		{304937F0-522C-40CB-B2EB-89BD125276CD}.Ad-Hoc|iPhone.ActiveCfg = Ad-Hoc|iPhone
		{304937F0-522C-40CB-B2EB-89BD125276CD}.Ad-Hoc|iPhone.Build.0 = Ad-Hoc|iPhone
		{304937F0-522C-40CB-B2EB-89BD125276CD}.Ad-Hoc|iPhoneSimulator.ActiveCfg = Ad-Hoc|iPhoneSimulator
		{304937F0-522C-40CB-B2EB-89BD125276CD}.Ad-Hoc|iPhoneSimulator.Build.0 = Ad-Hoc|iPhoneSimulator
		{304937F0-522C-40CB-B2EB-89BD125276CD}.Ad-Hoc|x64.ActiveCfg = Ad-Hoc|iPhoneSimulator
		{304937F0-522C-40CB-B2EB-89BD125276CD}.Ad-Hoc|x86.ActiveCfg = Ad-Hoc|iPhoneSimulator
		{304937F0-522C-40CB-B2EB-89BD125276CD}.AppStore|Any CPU.ActiveCfg = AppStore|iPhoneSimulator
		{304937F0-522C-40CB-B2EB-89BD125276CD}.AppStore|ARM.ActiveCfg = AppStore|iPhoneSimulator
		{304937F0-522C-40CB-B2EB-89BD125276CD}.AppStore|iPhone.ActiveCfg = AppStore|iPhone
		{304937F0-522C-40CB-B2EB-89BD125276CD}.AppStore|iPhone.Build.0 = AppStore|iPhone
		{304937F0-522C-40CB-B2EB-89BD125276CD}.AppStore|iPhoneSimulator.ActiveCfg = AppStore|iPhoneSimulator
		{304937F0-522C-40CB-B2EB-89BD125276CD}.AppStore|iPhoneSimulator.Build.0 = AppStore|iPhoneSimulator
		{304937F0-522C-40CB-B2EB-89BD125276CD}.AppStore|x64.ActiveCfg = AppStore|iPhoneSimulator
		{304937F0-522C-40CB-B2EB-89BD125276CD}.AppStore|x86.ActiveCfg = AppStore|iPhoneSimulator
		{304937F0-522C-40CB-B2EB-89BD125276CD}.Debug|Any CPU.ActiveCfg = Debug|iPhoneSimulator
		{304937F0-522C-40CB-B2EB-89BD125276CD}.Debug|ARM.ActiveCfg = Debug|iPhoneSimulator
		{304937F0-522C-40CB-B2EB-89BD125276CD}.Debug|iPhone.ActiveCfg = Debug|iPhone
		{304937F0-522C-40CB-B2EB-89BD125276CD}.Debug|iPhone.Build.0 = Debug|iPhone
		{304937F0-522C-40CB-B2EB-89BD125276CD}.Debug|iPhoneSimulator.ActiveCfg = Debug|iPhoneSimulator
		{304937F0-522C-40CB-B2EB-89BD125276CD}.Debug|iPhoneSimulator.Build.0 = Debug|iPhoneSimulator
		{304937F0-522C-40CB-B2EB-89BD125276CD}.Debug|x64.ActiveCfg = Debug|iPhoneSimulator
		{304937F0-522C-40CB-B2EB-89BD125276CD}.Debug|x86.ActiveCfg = Debug|iPhoneSimulator
		{304937F0-522C-40CB-B2EB-89BD125276CD}.Release|Any CPU.ActiveCfg = Release|iPhoneSimulator
		{304937F0-522C-40CB-B2EB-89BD125276CD}.Release|ARM.ActiveCfg = Release|iPhoneSimulator
		{304937F0-522C-40CB-B2EB-89BD125276CD}.Release|iPhone.ActiveCfg = Release|iPhone
		{304937F0-522C-40CB-B2EB-89BD125276CD}.Release|iPhone.Build.0 = Release|iPhone
		{304937F0-522C-40CB-B2EB-89BD125276CD}.Release|iPhoneSimulator.ActiveCfg = Release|iPhoneSimulator
		{304937F0-522C-40CB-B2EB-89BD125276CD}.Release|iPhoneSimulator.Build.0 = Release|iPhoneSimulator
		{304937F0-522C-40CB-B2EB-89BD125276CD}.Release|x64.ActiveCfg = Release|iPhoneSimulator
		{304937F0-522C-40CB-B2EB-89BD125276CD}.Release|x86.ActiveCfg = Release|iPhoneSimulator
		{DC3FB08E-7EDE-41FF-B5E9-378D5A4B7045}.Ad-Hoc|Any CPU.ActiveCfg = Debug|ARM
		{DC3FB08E-7EDE-41FF-B5E9-378D5A4B7045}.Ad-Hoc|Any CPU.Build.0 = Debug|ARM
		{DC3FB08E-7EDE-41FF-B5E9-378D5A4B7045}.Ad-Hoc|Any CPU.Deploy.0 = Debug|ARM
		{DC3FB08E-7EDE-41FF-B5E9-378D5A4B7045}.Ad-Hoc|ARM.ActiveCfg = Debug|ARM
		{DC3FB08E-7EDE-41FF-B5E9-378D5A4B7045}.Ad-Hoc|ARM.Build.0 = Debug|ARM
		{DC3FB08E-7EDE-41FF-B5E9-378D5A4B7045}.Ad-Hoc|ARM.Deploy.0 = Debug|ARM
		{DC3FB08E-7EDE-41FF-B5E9-378D5A4B7045}.Ad-Hoc|iPhone.ActiveCfg = Debug|ARM
		{DC3FB08E-7EDE-41FF-B5E9-378D5A4B7045}.Ad-Hoc|iPhone.Build.0 = Debug|ARM
		{DC3FB08E-7EDE-41FF-B5E9-378D5A4B7045}.Ad-Hoc|iPhone.Deploy.0 = Debug|ARM
		{DC3FB08E-7EDE-41FF-B5E9-378D5A4B7045}.Ad-Hoc|iPhoneSimulator.ActiveCfg = Debug|ARM
		{DC3FB08E-7EDE-41FF-B5E9-378D5A4B7045}.Ad-Hoc|iPhoneSimulator.Build.0 = Debug|ARM
		{DC3FB08E-7EDE-41FF-B5E9-378D5A4B7045}.Ad-Hoc|iPhoneSimulator.Deploy.0 = Debug|ARM
		{DC3FB08E-7EDE-41FF-B5E9-378D5A4B7045}.Ad-Hoc|x64.ActiveCfg = Debug|x64
		{DC3FB08E-7EDE-41FF-B5E9-378D5A4B7045}.Ad-Hoc|x64.Build.0 = Debug|x64
		{DC3FB08E-7EDE-41FF-B5E9-378D5A4B7045}.Ad-Hoc|x64.Deploy.0 = Debug|x64
		{DC3FB08E-7EDE-41FF-B5E9-378D5A4B7045}.Ad-Hoc|x86.ActiveCfg = Debug|x86
		{DC3FB08E-7EDE-41FF-B5E9-378D5A4B7045}.Ad-Hoc|x86.Build.0 = Debug|x86
		{DC3FB08E-7EDE-41FF-B5E9-378D5A4B7045}.Ad-Hoc|x86.Deploy.0 = Debug|x86
		{DC3FB08E-7EDE-41FF-B5E9-378D5A4B7045}.AppStore|Any CPU.ActiveCfg = Debug|ARM
		{DC3FB08E-7EDE-41FF-B5E9-378D5A4B7045}.AppStore|Any CPU.Build.0 = Debug|ARM
		{DC3FB08E-7EDE-41FF-B5E9-378D5A4B7045}.AppStore|Any CPU.Deploy.0 = Debug|ARM
		{DC3FB08E-7EDE-41FF-B5E9-378D5A4B7045}.AppStore|ARM.ActiveCfg = Debug|ARM
		{DC3FB08E-7EDE-41FF-B5E9-378D5A4B7045}.AppStore|ARM.Build.0 = Debug|ARM
		{DC3FB08E-7EDE-41FF-B5E9-378D5A4B7045}.AppStore|ARM.Deploy.0 = Debug|ARM
		{DC3FB08E-7EDE-41FF-B5E9-378D5A4B7045}.AppStore|iPhone.ActiveCfg = Debug|ARM
		{DC3FB08E-7EDE-41FF-B5E9-378D5A4B7045}.AppStore|iPhone.Build.0 = Debug|ARM
		{DC3FB08E-7EDE-41FF-B5E9-378D5A4B7045}.AppStore|iPhone.Deploy.0 = Debug|ARM
		{DC3FB08E-7EDE-41FF-B5E9-378D5A4B7045}.AppStore|iPhoneSimulator.ActiveCfg = Debug|ARM
		{DC3FB08E-7EDE-41FF-B5E9-378D5A4B7045}.AppStore|iPhoneSimulator.Build.0 = Debug|ARM
		{DC3FB08E-7EDE-41FF-B5E9-378D5A4B7045}.AppStore|iPhoneSimulator.Deploy.0 = Debug|ARM
		{DC3FB08E-7EDE-41FF-B5E9-378D5A4B7045}.AppStore|x64.ActiveCfg = Debug|x64
		{DC3FB08E-7EDE-41FF-B5E9-378D5A4B7045}.AppStore|x64.Build.0 = Debug|x64
		{DC3FB08E-7EDE-41FF-B5E9-378D5A4B7045}.AppStore|x64.Deploy.0 = Debug|x64
		{DC3FB08E-7EDE-41FF-B5E9-378D5A4B7045}.AppStore|x86.ActiveCfg = Debug|x86
		{DC3FB08E-7EDE-41FF-B5E9-378D5A4B7045}.AppStore|x86.Build.0 = Debug|x86
		{DC3FB08E-7EDE-41FF-B5E9-378D5A4B7045}.AppStore|x86.Deploy.0 = Debug|x86
		{DC3FB08E-7EDE-41FF-B5E9-378D5A4B7045}.Debug|Any CPU.ActiveCfg = Debug|x86
		{DC3FB08E-7EDE-41FF-B5E9-378D5A4B7045}.Debug|ARM.ActiveCfg = Debug|ARM
		{DC3FB08E-7EDE-41FF-B5E9-378D5A4B7045}.Debug|ARM.Build.0 = Debug|ARM
		{DC3FB08E-7EDE-41FF-B5E9-378D5A4B7045}.Debug|ARM.Deploy.0 = Debug|ARM
		{DC3FB08E-7EDE-41FF-B5E9-378D5A4B7045}.Debug|iPhone.ActiveCfg = Debug|x86
		{DC3FB08E-7EDE-41FF-B5E9-378D5A4B7045}.Debug|iPhoneSimulator.ActiveCfg = Debug|x86
		{DC3FB08E-7EDE-41FF-B5E9-378D5A4B7045}.Debug|x64.ActiveCfg = Debug|x64
		{DC3FB08E-7EDE-41FF-B5E9-378D5A4B7045}.Debug|x64.Build.0 = Debug|x64
		{DC3FB08E-7EDE-41FF-B5E9-378D5A4B7045}.Debug|x64.Deploy.0 = Debug|x64
		{DC3FB08E-7EDE-41FF-B5E9-378D5A4B7045}.Debug|x86.ActiveCfg = Debug|x86
		{DC3FB08E-7EDE-41FF-B5E9-378D5A4B7045}.Debug|x86.Build.0 = Debug|x86
		{DC3FB08E-7EDE-41FF-B5E9-378D5A4B7045}.Debug|x86.Deploy.0 = Debug|x86
		{DC3FB08E-7EDE-41FF-B5E9-378D5A4B7045}.Release|Any CPU.ActiveCfg = Release|x86
		{DC3FB08E-7EDE-41FF-B5E9-378D5A4B7045}.Release|ARM.ActiveCfg = Release|ARM
		{DC3FB08E-7EDE-41FF-B5E9-378D5A4B7045}.Release|ARM.Build.0 = Release|ARM
		{DC3FB08E-7EDE-41FF-B5E9-378D5A4B7045}.Release|ARM.Deploy.0 = Release|ARM
		{DC3FB08E-7EDE-41FF-B5E9-378D5A4B7045}.Release|iPhone.ActiveCfg = Release|x86
		{DC3FB08E-7EDE-41FF-B5E9-378D5A4B7045}.Release|iPhoneSimulator.ActiveCfg = Release|x86
		{DC3FB08E-7EDE-41FF-B5E9-378D5A4B7045}.Release|x64.ActiveCfg = Release|x64
		{DC3FB08E-7EDE-41FF-B5E9-378D5A4B7045}.Release|x64.Build.0 = Release|x64
		{DC3FB08E-7EDE-41FF-B5E9-378D5A4B7045}.Release|x64.Deploy.0 = Release|x64
		{DC3FB08E-7EDE-41FF-B5E9-378D5A4B7045}.Release|x86.ActiveCfg = Release|x86
		{DC3FB08E-7EDE-41FF-B5E9-378D5A4B7045}.Release|x86.Build.0 = Release|x86
		{DC3FB08E-7EDE-41FF-B5E9-378D5A4B7045}.Release|x86.Deploy.0 = Release|x86
	EndGlobalSection
	GlobalSection(SolutionProperties) = preSolution
		HideSolutionNode = FALSE
	EndGlobalSection
	GlobalSection(ExtensibilityGlobals) = postSolution
		SolutionGuid = {9C7D59D1-B761-47D6-B065-98A3A64DC63B}
	EndGlobalSection
EndGlobal
